
Microsoft Visual Studio Solution File, Format Version 12.00
# Visual Studio Version 16
VisualStudioVersion = 16.0.30406.217
MinimumVisualStudioVersion = 10.0.40219.1
Project("{8BC9CEB8-8B4A-11D0-8D11-00A0C91BC942}") = "KillProcDLL", "KillProcDLL.vcxproj", "{96575B41-7C53-4A9A-AE91-5BE6A276E1EF}"
EndProject
Global
	GlobalSection(SolutionConfigurationPlatforms) = preSolution
		Debug|x86 = Debug|x86
		Release|x86 = Release|x86
	EndGlobalSection
	GlobalSection(ProjectConfigurationPlatforms) = postSolution
		{96575B41-7C53-4A9A-AE91-5BE6A276E1EF}.Debug|x86.ActiveCfg = Debug|Win32
		{96575B41-7C53-4A9A-AE91-5BE6A276E1EF}.Debug|x86.Build.0 = Debug|Win32
		{96575B41-7C53-4A9A-AE91-5BE6A276E1EF}.Release|x86.ActiveCfg = Release|Win32
		{96575B41-7C53-4A9A-AE91-5BE6A276E1EF}.Release|x86.Build.0 = Release|Win32
	EndGlobalSection
	GlobalSection(SolutionProperties) = preSolution
		HideSolutionNode = FALSE
	EndGlobalSection
	GlobalSection(ExtensibilityGlobals) = postSolution
		SolutionGuid = {12CCB2FE-2B3D-4D1D-ABEF-E8DD54CE6CB3}
	EndGlobalSection
EndGlobal
