<?xml version="1.0" encoding="utf-8"?>
<Project ToolsVersion="4.0" xmlns="http://schemas.microsoft.com/developer/msbuild/2003">
  <ItemGroup>
    <Filter Include="NSISPlugin">
      <UniqueIdentifier>{878927e0-4864-4e7f-8cf5-0a633734b7ca}</UniqueIdentifier>
    </Filter>
    <Filter Include="Common">
      <UniqueIdentifier>{fb94902d-0fbd-432a-8c23-226ff5f400f4}</UniqueIdentifier>
    </Filter>
    <Filter Include="Windows">
      <UniqueIdentifier>{ca3303bb-086d-4187-88c0-b686e99b9ec7}</UniqueIdentifier>
    </Filter>
    <Filter Include="7zip Common">
      <UniqueIdentifier>{d0ed5b0f-a66c-4213-9342-eb45c02905a2}</UniqueIdentifier>
    </Filter>
    <Filter Include="Compress">
      <UniqueIdentifier>{19048832-da35-47d4-ae8e-67d39b931db6}</UniqueIdentifier>
    </Filter>
    <Filter Include="Compress\Copy">
      <UniqueIdentifier>{ef5afed0-2e10-4d90-8023-f82f624adcbe}</UniqueIdentifier>
    </Filter>
    <Filter Include="Compress\LZMA">
      <UniqueIdentifier>{1d827818-19b2-47e5-a39a-2c4c24e0d309}</UniqueIdentifier>
    </Filter>
    <Filter Include="Compress\BWT">
      <UniqueIdentifier>{2d9c9378-7b68-4dd7-9272-ec0aa24b6226}</UniqueIdentifier>
    </Filter>
    <Filter Include="Archive">
      <UniqueIdentifier>{40ce9c1e-3588-4f46-87d5-aa95db6abfc8}</UniqueIdentifier>
    </Filter>
    <Filter Include="Archive\7z">
      <UniqueIdentifier>{238804cc-5a00-4e95-896d-bdebd3cf5eea}</UniqueIdentifier>
    </Filter>
    <Filter Include="Archive\Archive Common">
      <UniqueIdentifier>{9bd138b9-77ce-41d5-b662-cae84604b930}</UniqueIdentifier>
    </Filter>
    <Filter Include="UI Common">
      <UniqueIdentifier>{8ec9d6f6-bf04-4460-8699-fd2ffc9396e2}</UniqueIdentifier>
    </Filter>
    <Filter Include="UI Common\Spec">
      <UniqueIdentifier>{14701d42-a946-4ba3-a8bd-57ec0710963a}</UniqueIdentifier>
    </Filter>
    <Filter Include="7-zip">
      <UniqueIdentifier>{8daa25d2-548e-42cd-abf0-e53afd7a2c27}</UniqueIdentifier>
    </Filter>
    <Filter Include="C">
      <UniqueIdentifier>{8b0987d4-0927-408b-86c7-3da8a48af26a}</UniqueIdentifier>
    </Filter>
    <Filter Include="NSIS">
      <UniqueIdentifier>{2bc95617-6ff1-4dce-bde5-9f0440095925}</UniqueIdentifier>
    </Filter>
  </ItemGroup>
  <ItemGroup>
    <ClInclude Include="NsisPluginSample\api.h">
      <Filter>NSISPlugin</Filter>
    </ClInclude>
    <ClInclude Include="NsisPluginSample\pluginapi.h">
      <Filter>NSISPlugin</Filter>
    </ClInclude>
    <ClInclude Include="..\..\..\Common\AutoPtr.h">
      <Filter>Common</Filter>
    </ClInclude>
    <ClInclude Include="..\..\..\Common\Buffer.h">
      <Filter>Common</Filter>
    </ClInclude>
    <ClInclude Include="..\..\..\Common\ComTry.h">
      <Filter>Common</Filter>
    </ClInclude>
    <ClInclude Include="..\..\..\Common\Defs.h">
      <Filter>Common</Filter>
    </ClInclude>
    <ClInclude Include="..\..\..\Common\DynamicBuffer.h">
      <Filter>Common</Filter>
    </ClInclude>
    <ClInclude Include="..\..\..\Common\IntToString.h">
      <Filter>Common</Filter>
    </ClInclude>
    <ClInclude Include="..\..\..\Common\ListFileUtils.h">
      <Filter>Common</Filter>
    </ClInclude>
    <ClInclude Include="..\..\..\Common\MyCom.h">
      <Filter>Common</Filter>
    </ClInclude>
    <ClInclude Include="..\..\..\Common\MyException.h">
      <Filter>Common</Filter>
    </ClInclude>
    <ClInclude Include="..\..\..\Common\MyGuidDef.h">
      <Filter>Common</Filter>
    </ClInclude>
    <ClInclude Include="..\..\..\Common\MyInitGuid.h">
      <Filter>Common</Filter>
    </ClInclude>
    <ClInclude Include="..\..\..\Common\MyString.h">
      <Filter>Common</Filter>
    </ClInclude>
    <ClInclude Include="..\..\..\Common\MyUnknown.h">
      <Filter>Common</Filter>
    </ClInclude>
    <ClInclude Include="..\..\..\Common\MyVector.h">
      <Filter>Common</Filter>
    </ClInclude>
    <ClInclude Include="..\..\..\Common\MyWindows.h">
      <Filter>Common</Filter>
    </ClInclude>
    <ClInclude Include="..\..\..\Common\NewHandler.h">
      <Filter>Common</Filter>
    </ClInclude>
    <ClInclude Include="..\..\..\Common\Random.h">
      <Filter>Common</Filter>
    </ClInclude>
    <ClInclude Include="..\..\..\Common\StdInStream.h">
      <Filter>Common</Filter>
    </ClInclude>
    <ClInclude Include="..\..\..\Common\StdOutStream.h">
      <Filter>Common</Filter>
    </ClInclude>
    <ClInclude Include="..\..\..\Common\StringConvert.h">
      <Filter>Common</Filter>
    </ClInclude>
    <ClInclude Include="..\..\..\Common\StringToInt.h">
      <Filter>Common</Filter>
    </ClInclude>
    <ClInclude Include="..\..\..\Common\Types.h">
      <Filter>Common</Filter>
    </ClInclude>
    <ClInclude Include="..\..\..\Common\UTFConvert.h">
      <Filter>Common</Filter>
    </ClInclude>
    <ClInclude Include="..\..\..\Common\Wildcard.h">
      <Filter>Common</Filter>
    </ClInclude>
    <ClInclude Include="..\..\..\Windows\Defs.h">
      <Filter>Windows</Filter>
    </ClInclude>
    <ClInclude Include="..\..\..\Windows\Device.h">
      <Filter>Windows</Filter>
    </ClInclude>
    <ClInclude Include="..\..\..\Windows\DLL.h">
      <Filter>Windows</Filter>
    </ClInclude>
    <ClInclude Include="..\..\..\Windows\Error.h">
      <Filter>Windows</Filter>
    </ClInclude>
    <ClInclude Include="..\..\..\Windows\FileDir.h">
      <Filter>Windows</Filter>
    </ClInclude>
    <ClInclude Include="..\..\..\Windows\FileFind.h">
      <Filter>Windows</Filter>
    </ClInclude>
    <ClInclude Include="..\..\..\Windows\FileIO.h">
      <Filter>Windows</Filter>
    </ClInclude>
    <ClInclude Include="..\..\..\Windows\FileName.h">
      <Filter>Windows</Filter>
    </ClInclude>
    <ClInclude Include="..\..\..\Windows\Handle.h">
      <Filter>Windows</Filter>
    </ClInclude>
    <ClInclude Include="..\..\..\Windows\MemoryLock.h">
      <Filter>Windows</Filter>
    </ClInclude>
    <ClInclude Include="..\..\..\Windows\PropVariant.h">
      <Filter>Windows</Filter>
    </ClInclude>
    <ClInclude Include="..\..\..\Windows\PropVariantConversions.h">
      <Filter>Windows</Filter>
    </ClInclude>
    <ClInclude Include="..\..\..\Windows\Synchronization.h">
      <Filter>Windows</Filter>
    </ClInclude>
    <ClInclude Include="..\..\..\Windows\System.h">
      <Filter>Windows</Filter>
    </ClInclude>
    <ClInclude Include="..\..\..\Windows\Thread.h">
      <Filter>Windows</Filter>
    </ClInclude>
    <ClInclude Include="..\..\..\Windows\Time.h">
      <Filter>Windows</Filter>
    </ClInclude>
    <ClInclude Include="..\..\Common\CreateCoder.h">
      <Filter>7zip Common</Filter>
    </ClInclude>
    <ClInclude Include="..\..\Archive\Common\CrossThreadProgress.h">
      <Filter>7zip Common</Filter>
    </ClInclude>
    <ClInclude Include="..\..\Common\FilePathAutoRename.h">
      <Filter>7zip Common</Filter>
    </ClInclude>
    <ClInclude Include="..\..\Common\FileStreams.h">
      <Filter>7zip Common</Filter>
    </ClInclude>
    <ClInclude Include="..\..\Common\FilterCoder.h">
      <Filter>7zip Common</Filter>
    </ClInclude>
    <ClInclude Include="..\..\Common\InBuffer.h">
      <Filter>7zip Common</Filter>
    </ClInclude>
    <ClInclude Include="..\..\Common\InOutTempBuffer.h">
      <Filter>7zip Common</Filter>
    </ClInclude>
    <ClInclude Include="..\..\Common\LimitedStreams.h">
      <Filter>7zip Common</Filter>
    </ClInclude>
    <ClInclude Include="..\..\Common\LockedStream.h">
      <Filter>7zip Common</Filter>
    </ClInclude>
    <ClInclude Include="..\..\Common\MethodId.h">
      <Filter>7zip Common</Filter>
    </ClInclude>
    <ClInclude Include="..\..\Common\OffsetStream.h">
      <Filter>7zip Common</Filter>
    </ClInclude>
    <ClInclude Include="..\..\Common\OutBuffer.h">
      <Filter>7zip Common</Filter>
    </ClInclude>
    <ClInclude Include="..\..\Common\ProgressUtils.h">
      <Filter>7zip Common</Filter>
    </ClInclude>
    <ClInclude Include="..\..\Common\StreamBinder.h">
      <Filter>7zip Common</Filter>
    </ClInclude>
    <ClInclude Include="..\..\Common\StreamObjects.h">
      <Filter>7zip Common</Filter>
    </ClInclude>
    <ClInclude Include="..\..\Common\StreamUtils.h">
      <Filter>7zip Common</Filter>
    </ClInclude>
    <ClInclude Include="..\..\Common\VirtThread.h">
      <Filter>7zip Common</Filter>
    </ClInclude>
    <ClInclude Include="..\..\Compress\Bcj2Coder.h">
      <Filter>Compress</Filter>
    </ClInclude>
    <ClInclude Include="..\..\Compress\BcjCoder.h">
      <Filter>Compress</Filter>
    </ClInclude>
    <ClInclude Include="..\..\Compress\BranchCoder.h">
      <Filter>Compress</Filter>
    </ClInclude>
    <ClInclude Include="..\..\Compress\BranchMisc.h">
      <Filter>Compress</Filter>
    </ClInclude>
    <ClInclude Include="..\..\Compress\ByteSwap.h">
      <Filter>Compress</Filter>
    </ClInclude>
    <ClInclude Include="..\..\Compress\CopyCoder.h">
      <Filter>Compress\Copy</Filter>
    </ClInclude>
    <ClInclude Include="..\..\Compress\Lzma.h">
      <Filter>Compress\LZMA</Filter>
    </ClInclude>
    <ClInclude Include="..\..\Compress\LzmaDecoder.h">
      <Filter>Compress\LZMA</Filter>
    </ClInclude>
    <ClInclude Include="..\..\Compress\Mtf8.h">
      <Filter>Compress\BWT</Filter>
    </ClInclude>
    <ClInclude Include="..\..\Archive\7z\7zCompressionMode.h">
      <Filter>Archive\7z</Filter>
    </ClInclude>
    <ClInclude Include="..\..\Archive\7z\7zDecode.h">
      <Filter>Archive\7z</Filter>
    </ClInclude>
    <ClInclude Include="..\..\Archive\7z\7zFolderOutStream.h">
      <Filter>Archive\7z</Filter>
    </ClInclude>
    <ClInclude Include="..\..\Archive\7z\7zHandler.h">
      <Filter>Archive\7z</Filter>
    </ClInclude>
    <ClInclude Include="..\..\Archive\7z\7zHeader.h">
      <Filter>Archive\7z</Filter>
    </ClInclude>
    <ClInclude Include="..\..\Archive\7z\7zIn.h">
      <Filter>Archive\7z</Filter>
    </ClInclude>
    <ClInclude Include="..\..\Archive\7z\7zItem.h">
      <Filter>Archive\7z</Filter>
    </ClInclude>
    <ClInclude Include="..\..\Archive\7z\7zProperties.h">
      <Filter>Archive\7z</Filter>
    </ClInclude>
    <ClInclude Include="..\..\Archive\Common\CoderLoader.h">
      <Filter>Archive\Archive Common</Filter>
    </ClInclude>
    <ClInclude Include="..\..\Archive\Common\CoderMixer2.h">
      <Filter>Archive\Archive Common</Filter>
    </ClInclude>
    <ClInclude Include="..\..\Archive\Common\CoderMixer2MT.h">
      <Filter>Archive\Archive Common</Filter>
    </ClInclude>
    <ClInclude Include="..\..\Archive\Common\DummyOutStream.h">
      <Filter>Archive\Archive Common</Filter>
    </ClInclude>
    <ClInclude Include="..\..\Archive\Common\ItemNameUtils.h">
      <Filter>Archive\Archive Common</Filter>
    </ClInclude>
    <ClInclude Include="..\..\Archive\Common\MultiStream.h">
      <Filter>Archive\Archive Common</Filter>
    </ClInclude>
    <ClInclude Include="..\..\Archive\Common\OutStreamWithCRC.h">
      <Filter>Archive\Archive Common</Filter>
    </ClInclude>
    <ClInclude Include="..\..\Archive\Common\ParseProperties.h">
      <Filter>Archive\Archive Common</Filter>
    </ClInclude>
    <ClInclude Include="..\..\UI\Common\ArchiveExtractCallback.h">
      <Filter>UI Common</Filter>
    </ClInclude>
    <ClInclude Include="..\..\UI\Common\ArchiveOpenCallback.h">
      <Filter>UI Common</Filter>
    </ClInclude>
    <ClInclude Include="..\..\UI\Common\DefaultName.h">
      <Filter>UI Common</Filter>
    </ClInclude>
    <ClInclude Include="..\..\UI\Common\EnumDirItems.h">
      <Filter>UI Common</Filter>
    </ClInclude>
    <ClInclude Include="..\..\UI\Common\Extract.h">
      <Filter>UI Common</Filter>
    </ClInclude>
    <ClInclude Include="..\..\UI\Common\ExtractingFilePath.h">
      <Filter>UI Common</Filter>
    </ClInclude>
    <ClInclude Include="..\..\UI\Common\LoadCodecs.h">
      <Filter>UI Common</Filter>
    </ClInclude>
    <ClInclude Include="..\..\UI\Common\OpenArchive.h">
      <Filter>UI Common</Filter>
    </ClInclude>
    <ClInclude Include="..\..\UI\Common\PropIDUtils.h">
      <Filter>UI Common</Filter>
    </ClInclude>
    <ClInclude Include="..\..\UI\Common\SetProperties.h">
      <Filter>UI Common</Filter>
    </ClInclude>
    <ClInclude Include="..\..\UI\Common\SortUtils.h">
      <Filter>UI Common</Filter>
    </ClInclude>
    <ClInclude Include="..\..\UI\Common\TempFiles.h">
      <Filter>UI Common</Filter>
    </ClInclude>
    <ClInclude Include="..\..\UI\Common\Update.h">
      <Filter>UI Common</Filter>
    </ClInclude>
    <ClInclude Include="..\..\UI\Common\UpdateAction.h">
      <Filter>UI Common</Filter>
    </ClInclude>
    <ClInclude Include="..\..\UI\Common\UpdateCallback.h">
      <Filter>UI Common</Filter>
    </ClInclude>
    <ClInclude Include="..\..\UI\Common\UpdatePair.h">
      <Filter>UI Common</Filter>
    </ClInclude>
    <ClInclude Include="..\..\UI\Common\UpdateProduce.h">
      <Filter>UI Common</Filter>
    </ClInclude>
    <ClInclude Include="..\..\UI\Common\WorkDir.h">
      <Filter>UI Common</Filter>
    </ClInclude>
    <ClInclude Include="StdAfx.h">
      <Filter>UI Common\Spec</Filter>
    </ClInclude>
    <ClInclude Include="..\..\ICoder.h">
      <Filter>7-zip</Filter>
    </ClInclude>
    <ClInclude Include="..\..\IMyUnknown.h">
      <Filter>7-zip</Filter>
    </ClInclude>
    <ClInclude Include="..\..\IPassword.h">
      <Filter>7-zip</Filter>
    </ClInclude>
    <ClInclude Include="..\..\IProgress.h">
      <Filter>7-zip</Filter>
    </ClInclude>
    <ClInclude Include="..\..\IStream.h">
      <Filter>7-zip</Filter>
    </ClInclude>
    <ClInclude Include="..\..\PropID.h">
      <Filter>7-zip</Filter>
    </ClInclude>
    <ClInclude Include="..\..\..\..\C\7zCrc.h">
      <Filter>C</Filter>
    </ClInclude>
    <ClInclude Include="..\..\..\..\C\Alloc.h">
      <Filter>C</Filter>
    </ClInclude>
    <ClInclude Include="..\..\..\..\C\Bcj2.h">
      <Filter>C</Filter>
    </ClInclude>
    <ClInclude Include="..\..\..\..\C\Bra.h">
      <Filter>C</Filter>
    </ClInclude>
    <ClInclude Include="..\..\..\..\C\CpuArch.h">
      <Filter>C</Filter>
    </ClInclude>
    <ClInclude Include="..\..\..\..\C\IStream.h">
      <Filter>C</Filter>
    </ClInclude>
    <ClInclude Include="..\..\..\..\C\LzHash.h">
      <Filter>C</Filter>
    </ClInclude>
    <ClInclude Include="..\..\..\..\C\LzmaDec.h">
      <Filter>C</Filter>
    </ClInclude>
    <ClInclude Include="..\..\..\..\C\RotateDefs.h">
      <Filter>C</Filter>
    </ClInclude>
    <ClInclude Include="..\..\..\..\C\Threads.h">
      <Filter>C</Filter>
    </ClInclude>
    <ClInclude Include="..\..\..\..\C\Types.h">
      <Filter>C</Filter>
    </ClInclude>
    <ClInclude Include="..\..\UI\NSIS\ExtractCallbackConsole.h">
      <Filter>NSIS</Filter>
    </ClInclude>
    <ClInclude Include="..\..\UI\NSIS\NSISBreak.h">
      <Filter>NSIS</Filter>
    </ClInclude>
    <ClInclude Include="..\..\UI\NSIS\OpenCallbackConsole.h">
      <Filter>NSIS</Filter>
    </ClInclude>
    <ClInclude Include="..\..\UI\NSIS\UserInputUtils.h">
      <Filter>NSIS</Filter>
    </ClInclude>
  </ItemGroup>
  <ItemGroup>
    <ClCompile Include="nsis7z.cpp">
      <Filter>NSISPlugin</Filter>
    </ClCompile>
    <ClCompile Include="..\..\..\Common\CRC.cpp">
      <Filter>Common</Filter>
    </ClCompile>
    <ClCompile Include="..\..\..\Common\IntToString.cpp">
      <Filter>Common</Filter>
    </ClCompile>
    <ClCompile Include="..\..\..\Common\ListFileUtils.cpp">
      <Filter>Common</Filter>
    </ClCompile>
    <ClCompile Include="..\..\..\Common\MyString.cpp">
      <Filter>Common</Filter>
    </ClCompile>
    <ClCompile Include="..\..\..\Common\MyVector.cpp">
      <Filter>Common</Filter>
    </ClCompile>
    <ClCompile Include="..\..\..\Common\MyWindows.cpp">
      <Filter>Common</Filter>
    </ClCompile>
    <ClCompile Include="..\..\..\Common\NewHandler.cpp">
      <Filter>Common</Filter>
    </ClCompile>
    <ClCompile Include="..\..\..\Common\Random.cpp">
      <Filter>Common</Filter>
    </ClCompile>
    <ClCompile Include="..\..\..\Common\StdInStream.cpp">
      <Filter>Common</Filter>
    </ClCompile>
    <ClCompile Include="..\..\..\Common\StdOutStream.cpp">
      <Filter>Common</Filter>
    </ClCompile>
    <ClCompile Include="..\..\..\Common\StringConvert.cpp">
      <Filter>Common</Filter>
    </ClCompile>
    <ClCompile Include="..\..\..\Common\StringToInt.cpp">
      <Filter>Common</Filter>
    </ClCompile>
    <ClCompile Include="..\..\..\Common\UTFConvert.cpp">
      <Filter>Common</Filter>
    </ClCompile>
    <ClCompile Include="..\..\..\Common\Wildcard.cpp">
      <Filter>Common</Filter>
    </ClCompile>
    <ClCompile Include="..\..\..\Windows\DLL.cpp">
      <Filter>Windows</Filter>
    </ClCompile>
    <ClCompile Include="..\..\..\Windows\Error.cpp">
      <Filter>Windows</Filter>
    </ClCompile>
    <ClCompile Include="..\..\..\Windows\FileDir.cpp">
      <Filter>Windows</Filter>
    </ClCompile>
    <ClCompile Include="..\..\..\Windows\FileFind.cpp">
      <Filter>Windows</Filter>
    </ClCompile>
    <ClCompile Include="..\..\..\Windows\FileIO.cpp">
      <Filter>Windows</Filter>
    </ClCompile>
    <ClCompile Include="..\..\..\Windows\FileName.cpp">
      <Filter>Windows</Filter>
    </ClCompile>
    <ClCompile Include="..\..\..\Windows\MemoryLock.cpp">
      <Filter>Windows</Filter>
    </ClCompile>
    <ClCompile Include="..\..\..\Windows\PropVariant.cpp">
      <Filter>Windows</Filter>
    </ClCompile>
    <ClCompile Include="..\..\..\Windows\PropVariantConversions.cpp">
      <Filter>Windows</Filter>
    </ClCompile>
    <ClCompile Include="..\..\..\Windows\Synchronization.cpp">
      <Filter>Windows</Filter>
    </ClCompile>
    <ClCompile Include="..\..\..\Windows\System.cpp">
      <Filter>Windows</Filter>
    </ClCompile>
    <ClCompile Include="..\..\..\Windows\Time.cpp">
      <Filter>Windows</Filter>
    </ClCompile>
    <ClCompile Include="..\..\Common\CreateCoder.cpp">
      <Filter>7zip Common</Filter>
    </ClCompile>
    <ClCompile Include="..\..\Archive\Common\CrossThreadProgress.cpp">
      <Filter>7zip Common</Filter>
    </ClCompile>
    <ClCompile Include="..\..\Common\FilePathAutoRename.cpp">
      <Filter>7zip Common</Filter>
    </ClCompile>
    <ClCompile Include="..\..\Common\FileStreams.cpp">
      <Filter>7zip Common</Filter>
    </ClCompile>
    <ClCompile Include="..\..\Common\FilterCoder.cpp">
      <Filter>7zip Common</Filter>
    </ClCompile>
    <ClCompile Include="..\..\Common\InBuffer.cpp">
      <Filter>7zip Common</Filter>
    </ClCompile>
    <ClCompile Include="..\..\Common\InOutTempBuffer.cpp">
      <Filter>7zip Common</Filter>
    </ClCompile>
    <ClCompile Include="..\..\Common\LimitedStreams.cpp">
      <Filter>7zip Common</Filter>
    </ClCompile>
    <ClCompile Include="..\..\Common\LockedStream.cpp">
      <Filter>7zip Common</Filter>
    </ClCompile>
    <ClCompile Include="..\..\Common\MethodId.cpp">
      <Filter>7zip Common</Filter>
    </ClCompile>
    <ClCompile Include="..\..\Common\OffsetStream.cpp">
      <Filter>7zip Common</Filter>
    </ClCompile>
    <ClCompile Include="..\..\Common\OutBuffer.cpp">
      <Filter>7zip Common</Filter>
    </ClCompile>
    <ClCompile Include="..\..\Common\ProgressUtils.cpp">
      <Filter>7zip Common</Filter>
    </ClCompile>
    <ClCompile Include="..\..\Common\StreamBinder.cpp">
      <Filter>7zip Common</Filter>
    </ClCompile>
    <ClCompile Include="..\..\Common\StreamObjects.cpp">
      <Filter>7zip Common</Filter>
    </ClCompile>
    <ClCompile Include="..\..\Common\StreamUtils.cpp">
      <Filter>7zip Common</Filter>
    </ClCompile>
    <ClCompile Include="..\..\Common\VirtThread.cpp">
      <Filter>7zip Common</Filter>
    </ClCompile>
    <ClCompile Include="..\..\Compress\Bcj2Coder.cpp">
      <Filter>Compress</Filter>
    </ClCompile>
    <ClCompile Include="..\..\Compress\Bcj2Register.cpp">
      <Filter>Compress</Filter>
    </ClCompile>
    <ClCompile Include="..\..\Compress\BcjCoder.cpp">
      <Filter>Compress</Filter>
    </ClCompile>
    <ClCompile Include="..\..\Compress\BcjRegister.cpp">
      <Filter>Compress</Filter>
    </ClCompile>
    <ClCompile Include="..\..\Compress\BranchCoder.cpp">
      <Filter>Compress</Filter>
    </ClCompile>
    <ClCompile Include="..\..\Compress\BranchMisc.cpp">
      <Filter>Compress</Filter>
    </ClCompile>
    <ClCompile Include="..\..\Compress\BranchRegister.cpp">
      <Filter>Compress</Filter>
    </ClCompile>
    <ClCompile Include="..\..\Compress\ByteSwap.cpp">
      <Filter>Compress</Filter>
    </ClCompile>
    <ClCompile Include="..\..\Compress\ByteSwapRegister.cpp">
      <Filter>Compress</Filter>
    </ClCompile>
    <ClCompile Include="..\..\Compress\CopyCoder.cpp">
      <Filter>Compress\Copy</Filter>
    </ClCompile>
    <ClCompile Include="..\..\Compress\CopyRegister.cpp">
      <Filter>Compress\Copy</Filter>
    </ClCompile>
    <ClCompile Include="..\..\Compress\LzmaDecoder.cpp">
      <Filter>Compress\LZMA</Filter>
    </ClCompile>
    <ClCompile Include="..\..\Compress\LzmaRegister.cpp">
      <Filter>Compress\LZMA</Filter>
    </ClCompile>
    <ClCompile Include="..\..\Archive\7z\7zCompressionMode.cpp">
      <Filter>Archive\7z</Filter>
    </ClCompile>
    <ClCompile Include="..\..\Archive\7z\7zDecode.cpp">
      <Filter>Archive\7z</Filter>
    </ClCompile>
    <ClCompile Include="..\..\Archive\7z\7zExtract.cpp">
      <Filter>Archive\7z</Filter>
    </ClCompile>
    <ClCompile Include="..\..\Archive\7z\7zFolderOutStream.cpp">
      <Filter>Archive\7z</Filter>
    </ClCompile>
    <ClCompile Include="..\..\Archive\7z\7zHandler.cpp">
      <Filter>Archive\7z</Filter>
    </ClCompile>
    <ClCompile Include="..\..\Archive\7z\7zHeader.cpp">
      <Filter>Archive\7z</Filter>
    </ClCompile>
    <ClCompile Include="..\..\Archive\7z\7zIn.cpp">
      <Filter>Archive\7z</Filter>
    </ClCompile>
    <ClCompile Include="..\..\Archive\7z\7zProperties.cpp">
      <Filter>Archive\7z</Filter>
    </ClCompile>
    <ClCompile Include="..\..\Archive\7z\7zRegister.cpp">
      <Filter>Archive\7z</Filter>
    </ClCompile>
    <ClCompile Include="..\..\Archive\Common\CoderMixer2.cpp">
      <Filter>Archive\Archive Common</Filter>
    </ClCompile>
    <ClCompile Include="..\..\Archive\Common\CoderMixer2MT.cpp">
      <Filter>Archive\Archive Common</Filter>
    </ClCompile>
    <ClCompile Include="..\..\Archive\Common\DummyOutStream.cpp">
      <Filter>Archive\Archive Common</Filter>
    </ClCompile>
    <ClCompile Include="..\..\Archive\Common\ItemNameUtils.cpp">
      <Filter>Archive\Archive Common</Filter>
    </ClCompile>
    <ClCompile Include="..\..\Archive\Common\MultiStream.cpp">
      <Filter>Archive\Archive Common</Filter>
    </ClCompile>
    <ClCompile Include="..\..\Archive\Common\OutStreamWithCRC.cpp">
      <Filter>Archive\Archive Common</Filter>
    </ClCompile>
    <ClCompile Include="..\..\Archive\Common\ParseProperties.cpp">
      <Filter>Archive\Archive Common</Filter>
    </ClCompile>
    <ClCompile Include="..\..\UI\Common\ArchiveExtractCallback.cpp">
      <Filter>UI Common</Filter>
    </ClCompile>
    <ClCompile Include="..\..\UI\Common\ArchiveOpenCallback.cpp">
      <Filter>UI Common</Filter>
    </ClCompile>
    <ClCompile Include="..\..\UI\Common\DefaultName.cpp">
      <Filter>UI Common</Filter>
    </ClCompile>
    <ClCompile Include="..\..\UI\Common\EnumDirItems.cpp">
      <Filter>UI Common</Filter>
    </ClCompile>
    <ClCompile Include="..\..\UI\Common\Extract.cpp">
      <Filter>UI Common</Filter>
    </ClCompile>
    <ClCompile Include="..\..\UI\Common\ExtractingFilePath.cpp">
      <Filter>UI Common</Filter>
    </ClCompile>
    <ClCompile Include="..\..\UI\Common\LoadCodecs.cpp">
      <Filter>UI Common</Filter>
    </ClCompile>
    <ClCompile Include="..\..\UI\Common\OpenArchive.cpp">
      <Filter>UI Common</Filter>
    </ClCompile>
    <ClCompile Include="..\..\UI\Common\PropIDUtils.cpp">
      <Filter>UI Common</Filter>
    </ClCompile>
    <ClCompile Include="..\..\UI\Common\SetProperties.cpp">
      <Filter>UI Common</Filter>
    </ClCompile>
    <ClCompile Include="..\..\UI\Common\SortUtils.cpp">
      <Filter>UI Common</Filter>
    </ClCompile>
    <ClCompile Include="..\..\UI\Common\TempFiles.cpp">
      <Filter>UI Common</Filter>
    </ClCompile>
    <ClCompile Include="..\..\UI\Common\Update.cpp">
      <Filter>UI Common</Filter>
    </ClCompile>
    <ClCompile Include="..\..\UI\Common\UpdateAction.cpp">
      <Filter>UI Common</Filter>
    </ClCompile>
    <ClCompile Include="..\..\UI\Common\UpdateCallback.cpp">
      <Filter>UI Common</Filter>
    </ClCompile>
    <ClCompile Include="..\..\UI\Common\UpdatePair.cpp">
      <Filter>UI Common</Filter>
    </ClCompile>
    <ClCompile Include="..\..\UI\Common\UpdateProduce.cpp">
      <Filter>UI Common</Filter>
    </ClCompile>
    <ClCompile Include="..\..\UI\Common\WorkDir.cpp">
      <Filter>UI Common</Filter>
    </ClCompile>
    <ClCompile Include="StdAfx.cpp">
      <Filter>UI Common\Spec</Filter>
    </ClCompile>
    <ClCompile Include="..\..\..\..\C\7zCrc.c">
      <Filter>C</Filter>
    </ClCompile>
    <ClCompile Include="..\..\..\..\C\Alloc.c">
      <Filter>C</Filter>
    </ClCompile>
    <ClCompile Include="..\..\..\..\C\Bcj2.c">
      <Filter>C</Filter>
    </ClCompile>
    <ClCompile Include="..\..\..\..\C\Bra.c">
      <Filter>C</Filter>
    </ClCompile>
    <ClCompile Include="..\..\..\..\C\Bra86.c">
      <Filter>C</Filter>
    </ClCompile>
    <ClCompile Include="..\..\..\..\C\BraIA64.c">
      <Filter>C</Filter>
    </ClCompile>
    <ClCompile Include="..\..\..\..\C\LzmaDec.c">
      <Filter>C</Filter>
    </ClCompile>
    <ClCompile Include="..\..\..\..\C\Threads.c">
      <Filter>C</Filter>
    </ClCompile>
    <ClCompile Include="..\..\UI\NSIS\ExtractCallbackConsole.cpp">
      <Filter>NSIS</Filter>
    </ClCompile>
    <ClCompile Include="..\..\UI\NSIS\Main.cpp">
      <Filter>NSIS</Filter>
    </ClCompile>
    <ClCompile Include="..\..\UI\NSIS\MainAr.cpp">
      <Filter>NSIS</Filter>
    </ClCompile>
    <ClCompile Include="..\..\UI\NSIS\NSISBreak.cpp">
      <Filter>NSIS</Filter>
    </ClCompile>
    <ClCompile Include="..\..\UI\NSIS\OpenCallbackConsole.cpp">
      <Filter>NSIS</Filter>
    </ClCompile>
    <ClCompile Include="..\..\UI\NSIS\UserInputUtils.cpp">
      <Filter>NSIS</Filter>
    </ClCompile>
  </ItemGroup>
  <ItemGroup>
    <ResourceCompile Include="resource.rc">
      <Filter>UI Common\Spec</Filter>
    </ResourceCompile>
  </ItemGroup>
</Project>